
Microsoft Visual Studio Solution File, Format Version 12.00
# Visual Studio Version 16
VisualStudioVersion = 16.0.30204.135
MinimumVisualStudioVersion = 10.0.40219.1
Project("{9A19103F-16F7-4668-BE54-9A1E7A4F7556}") = "Lab1", "Lab1\Lab1.csproj", "{BE967A99-3B95-4928-8E0D-6DC93446D012}"
EndProject
Project("{9A19103F-16F7-4668-BE54-9A1E7A4F7556}") = "Lab2", "Lab2\Lab2.csproj", "{557CBA3F-E65E-4E9E-A075-CF3E9551E2FC}"
EndProject
Project("{9A19103F-16F7-4668-BE54-9A1E7A4F7556}") = "Lab3", "Lab3\Lab3.csproj", "{8F115BA4-0436-483E-904E-73D7F222108E}"
EndProject
Project("{9A19103F-16F7-4668-BE54-9A1E7A4F7556}") = "Lab4", "Lab4\Lab4.csproj", "{5A5D984E-E39B-4A7E-ADED-2C42EBE9BC53}"
EndProject
Project("{FAE04EC0-301F-11D3-BF4B-00C04F79EFBC}") = "Lab5", "Lab5\Lab5.csproj", "{573A4A3D-AA8B-47DE-9CF3-905C8048E4CB}"
EndProject
Global
	GlobalSection(SolutionConfigurationPlatforms) = preSolution
		Debug|Any CPU = Debug|Any CPU
		Release|Any CPU = Release|Any CPU
	EndGlobalSection
	GlobalSection(ProjectConfigurationPlatforms) = postSolution
		{BE967A99-3B95-4928-8E0D-6DC93446D012}.Debug|Any CPU.ActiveCfg = Debug|Any CPU
		{BE967A99-3B95-4928-8E0D-6DC93446D012}.Debug|Any CPU.Build.0 = Debug|Any CPU
		{BE967A99-3B95-4928-8E0D-6DC93446D012}.Release|Any CPU.ActiveCfg = Release|Any CPU
		{BE967A99-3B95-4928-8E0D-6DC93446D012}.Release|Any CPU.Build.0 = Release|Any CPU
		{557CBA3F-E65E-4E9E-A075-CF3E9551E2FC}.Debug|Any CPU.ActiveCfg = Debug|Any CPU
		{557CBA3F-E65E-4E9E-A075-CF3E9551E2FC}.Debug|Any CPU.Build.0 = Debug|Any CPU
		{557CBA3F-E65E-4E9E-A075-CF3E9551E2FC}.Release|Any CPU.ActiveCfg = Release|Any CPU
		{557CBA3F-E65E-4E9E-A075-CF3E9551E2FC}.Release|Any CPU.Build.0 = Release|Any CPU
		{8F115BA4-0436-483E-904E-73D7F222108E}.Debug|Any CPU.ActiveCfg = Debug|Any CPU
		{8F115BA4-0436-483E-904E-73D7F222108E}.Debug|Any CPU.Build.0 = Debug|Any CPU
		{8F115BA4-0436-483E-904E-73D7F222108E}.Release|Any CPU.ActiveCfg = Release|Any CPU
		{8F115BA4-0436-483E-904E-73D7F222108E}.Release|Any CPU.Build.0 = Release|Any CPU
		{5A5D984E-E39B-4A7E-ADED-2C42EBE9BC53}.Debug|Any CPU.ActiveCfg = Debug|Any CPU
		{5A5D984E-E39B-4A7E-ADED-2C42EBE9BC53}.Debug|Any CPU.Build.0 = Debug|Any CPU
		{5A5D984E-E39B-4A7E-ADED-2C42EBE9BC53}.Release|Any CPU.ActiveCfg = Release|Any CPU
		{5A5D984E-E39B-4A7E-ADED-2C42EBE9BC53}.Release|Any CPU.Build.0 = Release|Any CPU
		{573A4A3D-AA8B-47DE-9CF3-905C8048E4CB}.Debug|Any CPU.ActiveCfg = Debug|Any CPU
		{573A4A3D-AA8B-47DE-9CF3-905C8048E4CB}.Debug|Any CPU.Build.0 = Debug|Any CPU
		{573A4A3D-AA8B-47DE-9CF3-905C8048E4CB}.Release|Any CPU.ActiveCfg = Release|Any CPU
		{573A4A3D-AA8B-47DE-9CF3-905C8048E4CB}.Release|Any CPU.Build.0 = Release|Any CPU
	EndGlobalSection
	GlobalSection(SolutionProperties) = preSolution
		HideSolutionNode = FALSE
	EndGlobalSection
	GlobalSection(ExtensibilityGlobals) = postSolution
		SolutionGuid = {59E42BEA-FA08-4ADD-812E-53392E5F85DE}
	EndGlobalSection
EndGlobal
